Microsoft Visual Studio Solution File, Format Version 8.00
Project("{8BC9CEB8-8B4A-11D0-8D11-00A0C91BC942}") = "TERMED", "TERMED.vcproj", "{601C7FF7-51DD-447B-9592-05F47E5BB51B}"
	ProjectSection(ProjectDependencies) = postProject
	EndProjectSection
EndProject
Global
	GlobalSection(SolutionConfiguration) = preSolution
		Debug = Debug
		Release = Release
	EndGlobalSection
	GlobalSection(ProjectConfiguration) = postSolution
		{601C7FF7-51DD-447B-9592-05F47E5BB51B}.Debug.ActiveCfg = Debug|Win32
		{601C7FF7-51DD-447B-9592-05F47E5BB51B}.Debug.Build.0 = Debug|Win32
		{601C7FF7-51DD-447B-9592-05F47E5BB51B}.Release.ActiveCfg = Release|Win32
		{601C7FF7-51DD-447B-9592-05F47E5BB51B}.Release.Build.0 = Release|Win32
	EndGlobalSection
	GlobalSection(ExtensibilityGlobals) = postSolution
	EndGlobalSection
	GlobalSection(ExtensibilityAddIns) = postSolution
	EndGlobalSection
EndGlobal
